
Microsoft Visual Studio Solution File, Format Version 12.00
# Visual Studio 15
VisualStudioVersion = 15.0.27004.2002
MinimumVisualStudioVersion = 10.0.40219.1
Project("{FAE04EC0-301F-11D3-BF4B-00C04F79EFBC}") = "Algos", "Algos.csproj", "{EB7EE4DA-575B-4D75-958E-5EEA9D247224}"
EndProject
Global
	GlobalSection(SolutionConfigurationPlatforms) = preSolution
		Debug|Any CPU = Debug|Any CPU
		Release|Any CPU = Release|Any CPU
	EndGlobalSection
	GlobalSection(ProjectConfigurationPlatforms) = postSolution
		{EB7EE4DA-575B-4D75-958E-5EEA9D247224}.Debug|Any CPU.ActiveCfg = Debug|Any CPU
		{EB7EE4DA-575B-4D75-958E-5EEA9D247224}.Debug|Any CPU.Build.0 = Debug|Any CPU
		{EB7EE4DA-575B-4D75-958E-5EEA9D247224}.Release|Any CPU.ActiveCfg = Release|Any CPU
		{EB7EE4DA-575B-4D75-958E-5EEA9D247224}.Release|Any CPU.Build.0 = Release|Any CPU
	EndGlobalSection
	GlobalSection(SolutionProperties) = preSolution
		HideSolutionNode = FALSE
	EndGlobalSection
	GlobalSection(ExtensibilityGlobals) = postSolution
		SolutionGuid = {0E42687E-EFC3-4E21-816D-998A94894FD0}
	EndGlobalSection
EndGlobal
